
Microsoft Visual Studio Solution File, Format Version 12.00
# Visual Studio Version 16
VisualStudioVersion = 16.0.29324.140
MinimumVisualStudioVersion = 10.0.40219.1
Project("{FAE04EC0-301F-11D3-BF4B-00C04F79EFBC}") = "XSound.Core", "XSound.Core\XSound.Core.csproj", "{47C81053-AA04-474A-B86E-4075F2218378}"
EndProject
Global
	GlobalSection(SolutionConfigurationPlatforms) = preSolution
		Debug|Any CPU = Debug|Any CPU
		Release|Any CPU = Release|Any CPU
	EndGlobalSection
	GlobalSection(ProjectConfigurationPlatforms) = postSolution
		{47C81053-AA04-474A-B86E-4075F2218378}.Debug|Any CPU.ActiveCfg = Debug|Any CPU
		{47C81053-AA04-474A-B86E-4075F2218378}.Debug|Any CPU.Build.0 = Debug|Any CPU
		{47C81053-AA04-474A-B86E-4075F2218378}.Release|Any CPU.ActiveCfg = Release|Any CPU
		{47C81053-AA04-474A-B86E-4075F2218378}.Release|Any CPU.Build.0 = Release|Any CPU
	EndGlobalSection
	GlobalSection(SolutionProperties) = preSolution
		HideSolutionNode = FALSE
	EndGlobalSection
	GlobalSection(ExtensibilityGlobals) = postSolution
		SolutionGuid = {1E5994C4-887E-48A0-B33B-85F253A58CD5}
	EndGlobalSection
EndGlobal
